schema: '2.0'
stages:
  preprocess_detection:
    cmd: python pipeline/stages/preprocess_detection.py
    deps:
    - path: data/raw_detection/
      hash: md5
      md5: c9d2f0b04b03ae952aff15cb70f8b842.dir
      size: 50551266
      nfiles: 1259
    - path: pipeline/configs/detection_data.generated.yaml
      hash: md5
      md5: a9661169a4fa7f2ef308f805a8d81c04
      size: 312
    - path: pipeline/stages/preprocess_detection.py
      hash: md5
      md5: 21a75eb6f09286783478117ff00fa0b8
      size: 12528
    outs:
    - path: data/processed_detection/data.yaml
      hash: md5
      md5: d78400116a9cf22ab6a0838dc365a4de
      size: 144
    - path: data/processed_detection/dataset_stats.json
      hash: md5
      md5: 1814b427e66a0e101baae118c6b05e1d
      size: 1305
    - path: data/processed_detection/images/train/
      hash: md5
      md5: cc3a5cde622251768db0fa027f2fc877.dir
      size: 44258419
      nfiles: 562
    - path: data/processed_detection/images/val/
      hash: md5
      md5: 2e5091347509e0e240be8fca3a09a1ab.dir
      size: 5172477
      nfiles: 67
    - path: data/processed_detection/labels/train/
      hash: md5
      md5: c95f49fa3ea12e4bdd9b40c0c80c233d.dir
      size: 999616
      nfiles: 562
    - path: data/processed_detection/labels/val/
      hash: md5
      md5: 8b21144d8ece1720cf2c51e19e225f89.dir
      size: 120622
      nfiles: 67
  train_detection:
    cmd: python pipeline/stages/train_detection.py
    deps:
    - path: data/processed_detection/data.yaml
      hash: md5
      md5: d78400116a9cf22ab6a0838dc365a4de
      size: 144
    - path: data/processed_detection/images/train/
      hash: md5
      md5: cc3a5cde622251768db0fa027f2fc877.dir
      size: 44258419
      nfiles: 562
    - path: data/processed_detection/images/val/
      hash: md5
      md5: 2e5091347509e0e240be8fca3a09a1ab.dir
      size: 5172477
      nfiles: 67
    - path: data/processed_detection/labels/train/
      hash: md5
      md5: c95f49fa3ea12e4bdd9b40c0c80c233d.dir
      size: 999616
      nfiles: 562
    - path: data/processed_detection/labels/val/
      hash: md5
      md5: 8b21144d8ece1720cf2c51e19e225f89.dir
      size: 120622
      nfiles: 67
    - path: pipeline/configs/detection_train.generated.yaml
      hash: md5
      md5: 17cc9e8f3a2f0d61bdd090c8953b1fbc
      size: 580
    - path: pipeline/stages/train_detection.py
      hash: md5
      md5: b48f40148e95ebb304229bc5883da77d
      size: 9700
    outs:
    - path: models/checkpoints_detection/best.pt
      hash: md5
      md5: 552160d1b090e9eccc241b38ec744253
      size: 6235441
    - path: models/checkpoints_detection/last.pt
      hash: md5
      md5: 552160d1b090e9eccc241b38ec744253
      size: 6235441
    - path: models/metrics_detection/train_metrics.json
      hash: md5
      md5: 1ddf319e1423f3bd5c360959de8b47e0
      size: 1130
  evaluate_detection:
    cmd: python pipeline/stages/evaluate_detection.py
    deps:
    - path: data/processed_detection/data.yaml
      hash: md5
      md5: fede52fbce8102e7dfcf26c1eccac7fb
      size: 145
    - path: data/processed_detection/images/val/
      hash: md5
      md5: 2e5091347509e0e240be8fca3a09a1ab.dir
      size: 5172477
      nfiles: 67
    - path: data/processed_detection/labels/val/
      hash: md5
      md5: 8b21144d8ece1720cf2c51e19e225f89.dir
      size: 120622
      nfiles: 67
    - path: models/checkpoints_detection/best.pt
      hash: md5
      md5: 22bd0badb4e0cd545d6c0c75a952324d
      size: 6235441
    - path: pipeline/configs/detection_data.yaml
      hash: md5
      md5: 1c255a51ee5a33ec09baf9a424f462ec
      size: 324
    - path: pipeline/configs/detection_train.yaml
      hash: md5
      md5: 843cb522de7ec54d72e2024fc8bbb9fb
      size: 586
    - path: pipeline/stages/evaluate_detection.py
      hash: md5
      md5: dee1c317642740c571ba6fcc0a358a05
      size: 5390
    outs:
    - path: models/metrics_detection/eval_metrics.json
      hash: md5
      md5: fb41d6a8fb5bcf254cebb1e53f1edbba
      size: 990
    - path: models/metrics_detection/eval_report.json
      hash: md5
      md5: f9c534564dc4998c846cf382f84f9032
      size: 1179
  export_onnx_detection:
    cmd: python pipeline/stages/export_onnx_detection.py
    deps:
    - path: models/checkpoints_detection/best.pt
      hash: md5
      md5: 552160d1b090e9eccc241b38ec744253
      size: 6235441
    - path: pipeline/configs/detection_export.generated.yaml
      hash: md5
      md5: e15dd33afc019ef32e7f7082ba0a88df
      size: 280
    - path: pipeline/stages/export_onnx_detection.py
      hash: md5
      md5: dfa4388b162927c022243da3d1299ceb
      size: 6357
    outs:
    - path: models/export_detection/export_result.json
      hash: md5
      md5: bbc878d9260f147b00940836198a79eb
      size: 595
    - path: models/export_detection/model.onnx
      hash: md5
      md5: 03c5c555c308438bcb0371b1d3ef39a0
      size: 12269187
  convert_rknn_detection:
    cmd: python pipeline/stages/convert_rknn_detection.py
    deps:
    - path: data/processed_detection/images/val/
      hash: md5
      md5: 2e5091347509e0e240be8fca3a09a1ab.dir
      size: 5172477
      nfiles: 67
    - path: models/export_detection/model.onnx
      hash: md5
      md5: 03c5c555c308438bcb0371b1d3ef39a0
      size: 12269187
    - path: pipeline/configs/detection_rknn.generated.yaml
      hash: md5
      md5: 4260a3f4aadb3ff562fc9df7d2077155
      size: 538
    - path: pipeline/stages/convert_rknn_detection.py
      hash: md5
      md5: 3b317d1ab8b4be84f313164d9a2699c7
      size: 7775
    outs:
    - path: models/export_detection/model.rknn
      hash: md5
      md5: d1b945610125dcd4da2dffd4d2e8538f
      size: 30
    - path: models/export_detection/rknn_report.json
      hash: md5
      md5: 2b196051fa59bec27ab648c9028d8b80
      size: 344
  register_model_detection:
    cmd: python pipeline/stages/register_model_detection.py
    deps:
    - path: models/export_detection/model.rknn
      hash: md5
      md5: d1b945610125dcd4da2dffd4d2e8538f
      size: 30
    - path: models/metrics_detection/eval_metrics.json
      hash: md5
      md5: fb41d6a8fb5bcf254cebb1e53f1edbba
      size: 990
    - path: models/metrics_detection/mlflow_run_id.txt
      hash: md5
      md5: 01dbb04c38011daa4e8106f9432ff7a5
      size: 32
    - path: pipeline/configs/detection_mlops.yaml
      hash: md5
      md5: 91052528af586250bb3d0de5ce390a58
      size: 674
    - path: pipeline/stages/register_model_detection.py
      hash: md5
      md5: 35cf500642f3ea84b9a8c4289d0057e0
      size: 12362
    params:
      pipeline/configs/detection_mlops.yaml:
        paths.eval_metrics: models/metrics_detection/eval_metrics.json
        paths.mlflow_run_id: models/metrics_detection/mlflow_run_id.txt
        paths.onnx_model: models/export_detection/model.onnx
        paths.registry_result: models/metrics_detection/registry_result.json
        paths.rknn_model: models/export_detection/model.rknn
        paths.train_metrics: models/metrics_detection/train_metrics.json
        registry.model_name: visionops-detector-detection
        registry.promotion_threshold.latency_ms: 50
        registry.promotion_threshold.map50: 0.7
        registry.promotion_threshold.map50_95: 0.25
        registry.tags.auto_registered: 'true'
        registry.tags.model_family: yolov8
        registry.tags.platform: rk3588
        registry.tags.quantized: int8
        registry.tags.task: detection
        registry.task: detection
    outs:
    - path: models/metrics_detection/registry_result.json
      hash: md5
      md5: 50595c8c800c1698820c9ac7c50b31a1
      size: 812
  render_task_config:
    cmd: python pipeline/utils/render_task_config.py
    deps:
    - path: data/raw_detection/data.yaml
      hash: md5
      md5: 7ae2143011fbb7f749e1e83c1ff6ff5a
      size: 132
    - path: pipeline/configs/task.yaml
      hash: md5
      md5: 4dc0751598782bb189b56d80d8d64cba
      size: 1863
    - path: pipeline/utils/render_task_config.py
      hash: md5
      md5: 576b0ac54f427032c8e627e245985d4d
      size: 6935
    outs:
    - path: edge/runtime/class_names.yaml
      hash: md5
      md5: 558865b99747ee56b30c2462f7e15617
      size: 96
    - path: edge/runtime/edge.env
      hash: md5
      md5: 4d162cd310344eae06b29f1263eee6d7
      size: 238
    - path: pipeline/configs/detection_data.generated.yaml
      hash: md5
      md5: a9661169a4fa7f2ef308f805a8d81c04
      size: 312
    - path: pipeline/configs/detection_export.generated.yaml
      hash: md5
      md5: e15dd33afc019ef32e7f7082ba0a88df
      size: 280
    - path: pipeline/configs/detection_rknn.generated.yaml
      hash: md5
      md5: 4260a3f4aadb3ff562fc9df7d2077155
      size: 538
    - path: pipeline/configs/detection_train.generated.yaml
      hash: md5
      md5: 17cc9e8f3a2f0d61bdd090c8953b1fbc
      size: 580
