schema: '2.0'
stages:
  preprocess_detection:
    cmd: python pipeline/stages/preprocess_detection.py
    deps:
    - path: data/raw_detection/
      hash: md5
      md5: bbbf08e13b4b87eeefd398f54a26f4c5.dir
      size: 22226863
      nfiles: 260
    - path: pipeline/configs/detection_data.generated.yaml
      hash: md5
      md5: 2adae4caac2133a1f0adf51d5a3798f3
      size: 1190
    - path: pipeline/stages/preprocess_detection.py
      hash: md5
      md5: 21a75eb6f09286783478117ff00fa0b8
      size: 12528
    outs:
    - path: data/processed_detection/data.yaml
      hash: md5
      md5: 723a331417d44c89b0327f9c51647d9b
      size: 1165
    - path: data/processed_detection/dataset_stats.json
      hash: md5
      md5: d971e5646ce37078a4b0c3fb346faba3
      size: 5570
    - path: data/processed_detection/images/train/
      hash: md5
      md5: b54e9380deaa4c9346bf4e39867a2c8d.dir
      size: 16396181
      nfiles: 100
    - path: data/processed_detection/images/val/
      hash: md5
      md5: 9c0c2eb395765feeda7d218a59ffb478.dir
      size: 5776060
      nfiles: 28
    - path: data/processed_detection/labels/train/
      hash: md5
      md5: 02e8fb9844e830a010f8bc2e2bbdea33.dir
      size: 28618
      nfiles: 100
    - path: data/processed_detection/labels/val/
      hash: md5
      md5: 3d12c68d41bf93540eba032d3f804a27.dir
      size: 6545
      nfiles: 28
  train_detection:
    cmd: python pipeline/stages/train_detection.py
    deps:
    - path: data/processed_detection/data.yaml
      hash: md5
      md5: 723a331417d44c89b0327f9c51647d9b
      size: 1165
    - path: data/processed_detection/images/train/
      hash: md5
      md5: b54e9380deaa4c9346bf4e39867a2c8d.dir
      size: 16396181
      nfiles: 100
    - path: data/processed_detection/images/val/
      hash: md5
      md5: 9c0c2eb395765feeda7d218a59ffb478.dir
      size: 5776060
      nfiles: 28
    - path: data/processed_detection/labels/train/
      hash: md5
      md5: 02e8fb9844e830a010f8bc2e2bbdea33.dir
      size: 28618
      nfiles: 100
    - path: data/processed_detection/labels/val/
      hash: md5
      md5: 3d12c68d41bf93540eba032d3f804a27.dir
      size: 6545
      nfiles: 28
    - path: pipeline/configs/detection_train.generated.yaml
      hash: md5
      md5: 6d15b9516f8acc29bf7ccf40d44dbdfc
      size: 582
    - path: pipeline/stages/train_detection.py
      hash: md5
      md5: b48f40148e95ebb304229bc5883da77d
      size: 9700
    outs:
    - path: models/checkpoints_detection/best.pt
      hash: md5
      md5: 766d59cfe0ca310dcf1d258fe0d76906
      size: 6558065
    - path: models/checkpoints_detection/last.pt
      hash: md5
      md5: 1d5c5809be258c09d6b638b189ddc187
      size: 6558065
    - path: models/metrics_detection/train_metrics.json
      hash: md5
      md5: 7abaf933cb1b956e3883b8e01ad56481
      size: 1129
  evaluate_detection:
    cmd: python pipeline/stages/evaluate_detection.py
    deps:
    - path: data/processed_detection/data.yaml
      hash: md5
      md5: 723a331417d44c89b0327f9c51647d9b
      size: 1165
    - path: data/processed_detection/images/val/
      hash: md5
      md5: 9c0c2eb395765feeda7d218a59ffb478.dir
      size: 5776060
      nfiles: 28
    - path: data/processed_detection/labels/val/
      hash: md5
      md5: 3d12c68d41bf93540eba032d3f804a27.dir
      size: 6545
      nfiles: 28
    - path: models/checkpoints_detection/best.pt
      hash: md5
      md5: 766d59cfe0ca310dcf1d258fe0d76906
      size: 6558065
    - path: pipeline/configs/detection_train.generated.yaml
      hash: md5
      md5: 6d15b9516f8acc29bf7ccf40d44dbdfc
      size: 582
    - path: pipeline/stages/evaluate_detection.py
      hash: md5
      md5: 3d213975caf5af3c4e4a83655cfa4585
      size: 5452
    outs:
    - path: models/metrics_detection/eval_metrics.json
      hash: md5
      md5: 94c73584c62c6a540075d83723597209
      size: 8900
    - path: models/metrics_detection/eval_report.json
      hash: md5
      md5: df3ba1411be7b7f936ba501bd1bafdab
      size: 7989
  export_onnx_detection:
    cmd: python pipeline/stages/export_onnx_detection.py
    deps:
    - path: models/checkpoints_detection/best.pt
      hash: md5
      md5: 766d59cfe0ca310dcf1d258fe0d76906
      size: 6558065
    - path: pipeline/configs/detection_export.generated.yaml
      hash: md5
      md5: 702a4a620ca8c8ab5170c38166c57d96
      size: 277
    - path: pipeline/stages/export_onnx_detection.py
      hash: md5
      md5: cecb598614ea627f76adf959b6a0cbcb
      size: 9167
    outs:
    - path: models/export_detection/export_result.json
      hash: md5
      md5: d1bf986fef53768109cc1a91428845c5
      size: 2074
    - path: models/export_detection/model.onnx
      hash: md5
      md5: 81d021644fd5b7c5a36393a278efc33e
      size: 12650016
  convert_rknn_detection:
    cmd: python pipeline/stages/convert_rknn_detection.py
    deps:
    - path: data/processed_detection/images/val/
      hash: md5
      md5: 9c0c2eb395765feeda7d218a59ffb478.dir
      size: 5776060
      nfiles: 28
    - path: models/export_detection/model.onnx
      hash: md5
      md5: 81d021644fd5b7c5a36393a278efc33e
      size: 12650016
    - path: pipeline/configs/detection_rknn.generated.yaml
      hash: md5
      md5: 7a59972a51ceef886256a808c4ea3686
      size: 616
    - path: pipeline/stages/convert_rknn_detection.py
      hash: md5
      md5: cac5748dde4b43f7e63b5e5989c8509c
      size: 10990
    outs:
    - path: models/export_detection/model.rknn
      hash: md5
      md5: a325cc6089366535579ddd39701753f0
      size: 4326347
    - path: models/export_detection/rknn_report.json
      hash: md5
      md5: ebdce72be41f059b3656285d3fed1ac8
      size: 1546
  register_model_detection:
    cmd: python pipeline/stages/register_model_detection.py
    deps:
    - path: models/export_detection/model.rknn
      hash: md5
      md5: a325cc6089366535579ddd39701753f0
      size: 4326347
    - path: models/metrics_detection/eval_metrics.json
      hash: md5
      md5: 94c73584c62c6a540075d83723597209
      size: 8900
    - path: models/metrics_detection/train_metrics.json
      hash: md5
      md5: 7abaf933cb1b956e3883b8e01ad56481
      size: 1129
    - path: pipeline/configs/detection_mlops.yaml
      hash: md5
      md5: ba1b36abdd570b9ae75e73883b44f871
      size: 886
    - path: pipeline/stages/register_model_detection.py
      hash: md5
      md5: 8ce1aefcaa6e3b1e6c364fa0ab0ec4d1
      size: 13456
    params:
      pipeline/configs/detection_mlops.yaml:
        paths.eval_metrics: models/metrics_detection/eval_metrics.json
        paths.mlflow_run_id: models/metrics_detection/mlflow_run_id.txt
        paths.onnx_model: models/export_detection/model.onnx
        paths.registry_result: models/metrics_detection/registry_result.json
        paths.rknn_model: models/export_detection/model.rknn
        paths.train_metrics: models/metrics_detection/train_metrics.json
        registry.model_name: visionops-detector-detection
        registry.promotion_threshold.latency_ms: 50
        registry.promotion_threshold.map50: 0.7
        registry.promotion_threshold.map50_95: 0.25
        registry.tags.auto_registered: 'true'
        registry.tags.model_family: yolov8
        registry.tags.platform: rk3588
        registry.tags.quantized: int8
        registry.tags.task: detection
        registry.task: detection
    outs:
    - path: models/metrics_detection/registry_result.json
      hash: md5
      md5: 4ce34e036016558e7cecece6e85deffa
      size: 754
  render_task_config:
    cmd: python -m pipeline.utils.render_task_config
    deps:
    - path: pipeline/configs/task.yaml
      hash: md5
      md5: adb54fd07ec90216f179063c8909b2ae
      size: 2586
    - path: pipeline/core/config.py
      hash: md5
      md5: a6f6ada57b2143e00e0fb707d17bbfaa
      size: 2493
    - path: pipeline/core/io.py
      hash: md5
      md5: 9e8351dc4cb499e5f7080d1025dea2ad
      size: 1691
    - path: pipeline/utils/render_task_config.py
      hash: md5
      md5: 98f7ae261cec5ed1b435be4cbafeff4a
      size: 31740
    outs:
    - path: edge/runtime/class_names.yaml
      hash: md5
      md5: 4088f0f75449d72385578eed3a8196dd
      size: 950
    - path: edge/runtime/edge.env
      hash: md5
      md5: a685814cba79c2d99f302fb9d3096b03
      size: 338
    - path: pipeline/configs/generated/task.generated.yaml
      hash: md5
      md5: 4f71f6da26aac2ecf8885f7f24434611
      size: 6065
  preprocess:
    cmd: python -m pipeline.stages.preprocess
    deps:
    - path: pipeline/configs/generated/task.generated.yaml
      hash: md5
      md5: 80d9a01356f616dca579b2251203c72b
      size: 6067
    - path: pipeline/core/config.py
      hash: md5
      md5: a6f6ada57b2143e00e0fb707d17bbfaa
      size: 2493
    - path: pipeline/core/io.py
      hash: md5
      md5: 9e8351dc4cb499e5f7080d1025dea2ad
      size: 1691
    - path: pipeline/stages/preprocess.py
      hash: md5
      md5: 81315a409faa6f6855149faa4e3005cb
      size: 688
    - path: pipeline/tasks/classification/preprocess.py
      hash: md5
      md5: c460cc38258f1ec47d58a374ea55a380
      size: 11836
    - path: pipeline/tasks/detection/preprocess.py
      hash: md5
      md5: 09d735caedf517e6cf41eb86e0a1bf44
      size: 12438
    - path: pipeline/tasks/obb/preprocess.py
      hash: md5
      md5: 59fa353851d40ec0fc63f5a0104a114e
      size: 16427
    - path: pipeline/tasks/segmentation/preprocess.py
      hash: md5
      md5: e852a09df22e66b122bcd8badfe7a81e
      size: 12660
  train:
    cmd: python -m pipeline.stages.train
    deps:
    - path: pipeline/configs/generated/task.generated.yaml
      hash: md5
      md5: 496234f8cb1fd8698a7f44cc882a4dba
      size: 6068
    - path: pipeline/core/config.py
      hash: md5
      md5: a6f6ada57b2143e00e0fb707d17bbfaa
      size: 2493
    - path: pipeline/core/io.py
      hash: md5
      md5: 9e8351dc4cb499e5f7080d1025dea2ad
      size: 1691
    - path: pipeline/stages/train.py
      hash: md5
      md5: 1455e9b5924b1cdc4ce6b2c1c379df1d
      size: 668
    - path: pipeline/tasks/classification/train.py
      hash: md5
      md5: 5409122463cb11aaeb7866e5fa4a4b5a
      size: 17531
    - path: pipeline/tasks/detection/train.py
      hash: md5
      md5: 49cc8fdc216b1c2caf4bbd71d79ff43d
      size: 9592
    - path: pipeline/tasks/obb/train.py
      hash: md5
      md5: 4cc0734d84b505a099e285a2417a68c3
      size: 6437
    - path: pipeline/tasks/segmentation/train.py
      hash: md5
      md5: fab081a320ba1213a56fe839c4623f5c
      size: 6480
  export_onnx:
    cmd: python -m pipeline.stages.export_onnx
    deps:
    - path: pipeline/configs/generated/task.generated.yaml
      hash: md5
      md5: 496234f8cb1fd8698a7f44cc882a4dba
      size: 6068
    - path: pipeline/core/config.py
      hash: md5
      md5: a6f6ada57b2143e00e0fb707d17bbfaa
      size: 2493
    - path: pipeline/core/io.py
      hash: md5
      md5: 9e8351dc4cb499e5f7080d1025dea2ad
      size: 1691
    - path: pipeline/stages/export_onnx.py
      hash: md5
      md5: f631b291e50a1c8daa14b6148ff58e8e
      size: 692
    - path: pipeline/tasks/classification/export_onnx.py
      hash: md5
      md5: 4e4ee29705bc376e29bff03870c23ab4
      size: 8686
    - path: pipeline/tasks/detection/export_onnx.py
      hash: md5
      md5: 2987faf9050ea5dac919ecf16c0018a3
      size: 9102
    - path: pipeline/tasks/obb/export_onnx.py
      hash: md5
      md5: 43174b3a6459863755b41d99f0160859
      size: 6301
    - path: pipeline/tasks/segmentation/export_onnx.py
      hash: md5
      md5: 5fd6f56a2ac61bb964de76f07af9fa27
      size: 9114
  convert_rknn:
    cmd: python -m pipeline.stages.convert_rknn
    deps:
    - path: pipeline/configs/generated/task.generated.yaml
      hash: md5
      md5: 496234f8cb1fd8698a7f44cc882a4dba
      size: 6068
    - path: pipeline/core/config.py
      hash: md5
      md5: a6f6ada57b2143e00e0fb707d17bbfaa
      size: 2493
    - path: pipeline/core/io.py
      hash: md5
      md5: 9e8351dc4cb499e5f7080d1025dea2ad
      size: 1691
    - path: pipeline/stages/convert_rknn.py
      hash: md5
      md5: 2c425de65bda2ae2dad4625af20515fe
      size: 696
    - path: pipeline/tasks/classification/convert_rknn.py
      hash: md5
      md5: 47fb61c7d340665bd549a846d0a98d70
      size: 14251
    - path: pipeline/tasks/detection/convert_rknn.py
      hash: md5
      md5: 72ec06d8d261f0595ba3741a39af58b1
      size: 11374
    - path: pipeline/tasks/obb/convert_rknn.py
      hash: md5
      md5: 98fce991a0348cb624396ce04c738fe8
      size: 8985
    - path: pipeline/tasks/segmentation/convert_rknn.py
      hash: md5
      md5: df6e1140b1c3a41da488ff3bdeadb362
      size: 11404
  evaluate:
    cmd: python -m pipeline.stages.evaluate
    deps:
    - path: pipeline/configs/generated/task.generated.yaml
      hash: md5
      md5: 496234f8cb1fd8698a7f44cc882a4dba
      size: 6068
    - path: pipeline/core/config.py
      hash: md5
      md5: a6f6ada57b2143e00e0fb707d17bbfaa
      size: 2493
    - path: pipeline/core/io.py
      hash: md5
      md5: 9e8351dc4cb499e5f7080d1025dea2ad
      size: 1691
    - path: pipeline/stages/evaluate.py
      hash: md5
      md5: 1861c9098781a7f7cf7281758930382f
      size: 680
    - path: pipeline/tasks/classification/evaluate.py
      hash: md5
      md5: 342619a0397947876a13e2956d3d1070
      size: 14214
    - path: pipeline/tasks/detection/evaluate.py
      hash: md5
      md5: 39cb2ba6d2c04ea6277e72f6a9532bb8
      size: 5357
    - path: pipeline/tasks/obb/evaluate.py
      hash: md5
      md5: f29b699b70c319824ab3359cec22bc8a
      size: 5736
    - path: pipeline/tasks/segmentation/evaluate.py
      hash: md5
      md5: 582afdc6172a49e50178eff140c6ce08
      size: 5364
  register_model:
    cmd: python -m pipeline.stages.register_model
    deps:
    - path: pipeline/configs/generated/task.generated.yaml
      hash: md5
      md5: 4f71f6da26aac2ecf8885f7f24434611
      size: 6065
    - path: pipeline/core/config.py
      hash: md5
      md5: a6f6ada57b2143e00e0fb707d17bbfaa
      size: 2493
    - path: pipeline/core/io.py
      hash: md5
      md5: 9e8351dc4cb499e5f7080d1025dea2ad
      size: 1691
    - path: pipeline/stages/register_model.py
      hash: md5
      md5: d68cfdeb2848ff6fe95af5230d483b2d
      size: 704
    - path: pipeline/tasks/classification/register_model.py
      hash: md5
      md5: 888f3e3386c760a3aa9ec7eab58b6158
      size: 11809
    - path: pipeline/tasks/detection/register_model.py
      hash: md5
      md5: 44046f4e5f982641ab2d6f7d2e2709c3
      size: 13545
    - path: pipeline/tasks/obb/register_model.py
      hash: md5
      md5: eb4d9e4ef1aae85b9158e3bb7518d9a4
      size: 13388
    - path: pipeline/tasks/segmentation/register_model.py
      hash: md5
      md5: fa5ce6d2033878c9a9d9e93584a2f854
      size: 13566
