schema: '2.0'
stages:
  preprocess_detection:
    cmd: python pipeline/stages/preprocess_detection.py
    deps:
    - path: data/raw_detection/
      hash: md5
      md5: bbbf08e13b4b87eeefd398f54a26f4c5.dir
      size: 22226863
      nfiles: 260
    - path: pipeline/configs/detection_data.generated.yaml
      hash: md5
      md5: 2adae4caac2133a1f0adf51d5a3798f3
      size: 1190
    - path: pipeline/stages/preprocess_detection.py
      hash: md5
      md5: 21a75eb6f09286783478117ff00fa0b8
      size: 12528
    outs:
    - path: data/processed_detection/data.yaml
      hash: md5
      md5: 723a331417d44c89b0327f9c51647d9b
      size: 1165
    - path: data/processed_detection/dataset_stats.json
      hash: md5
      md5: b30259261598e17878bcbc7aed564ea1
      size: 5570
    - path: data/processed_detection/images/train/
      hash: md5
      md5: b54e9380deaa4c9346bf4e39867a2c8d.dir
      size: 16396181
      nfiles: 100
    - path: data/processed_detection/images/val/
      hash: md5
      md5: 9c0c2eb395765feeda7d218a59ffb478.dir
      size: 5776060
      nfiles: 28
    - path: data/processed_detection/labels/train/
      hash: md5
      md5: 02e8fb9844e830a010f8bc2e2bbdea33.dir
      size: 28618
      nfiles: 100
    - path: data/processed_detection/labels/val/
      hash: md5
      md5: 3d12c68d41bf93540eba032d3f804a27.dir
      size: 6545
      nfiles: 28
  train_detection:
    cmd: python pipeline/stages/train_detection.py
    deps:
    - path: data/processed_detection/data.yaml
      hash: md5
      md5: 723a331417d44c89b0327f9c51647d9b
      size: 1165
    - path: data/processed_detection/images/train/
      hash: md5
      md5: b54e9380deaa4c9346bf4e39867a2c8d.dir
      size: 16396181
      nfiles: 100
    - path: data/processed_detection/images/val/
      hash: md5
      md5: 9c0c2eb395765feeda7d218a59ffb478.dir
      size: 5776060
      nfiles: 28
    - path: data/processed_detection/labels/train/
      hash: md5
      md5: 02e8fb9844e830a010f8bc2e2bbdea33.dir
      size: 28618
      nfiles: 100
    - path: data/processed_detection/labels/val/
      hash: md5
      md5: 3d12c68d41bf93540eba032d3f804a27.dir
      size: 6545
      nfiles: 28
    - path: pipeline/configs/detection_train.generated.yaml
      hash: md5
      md5: 7f3f72aa0bc5bf0db2768a4540c50903
      size: 582
    - path: pipeline/stages/train_detection.py
      hash: md5
      md5: b48f40148e95ebb304229bc5883da77d
      size: 9700
    outs:
    - path: models/checkpoints_detection/best.pt
      hash: md5
      md5: b0691a2b488c4283466d9be2a0821011
      size: 6557809
    - path: models/checkpoints_detection/last.pt
      hash: md5
      md5: 43371ee27966a077f68ff237cfd0a68c
      size: 6557809
    - path: models/metrics_detection/train_metrics.json
      hash: md5
      md5: 04181cc1281d69e44d9f34cc51c6be71
      size: 1155
  evaluate_detection:
    cmd: python pipeline/stages/evaluate_detection.py
    deps:
    - path: data/processed_detection/data.yaml
      hash: md5
      md5: 723a331417d44c89b0327f9c51647d9b
      size: 1165
    - path: data/processed_detection/images/val/
      hash: md5
      md5: 9c0c2eb395765feeda7d218a59ffb478.dir
      size: 5776060
      nfiles: 28
    - path: data/processed_detection/labels/val/
      hash: md5
      md5: 3d12c68d41bf93540eba032d3f804a27.dir
      size: 6545
      nfiles: 28
    - path: models/checkpoints_detection/best.pt
      hash: md5
      md5: b0691a2b488c4283466d9be2a0821011
      size: 6557809
    - path: pipeline/configs/detection_train.generated.yaml
      hash: md5
      md5: 7f3f72aa0bc5bf0db2768a4540c50903
      size: 582
    - path: pipeline/stages/evaluate_detection.py
      hash: md5
      md5: 3d213975caf5af3c4e4a83655cfa4585
      size: 5452
    outs:
    - path: models/metrics_detection/eval_metrics.json
      hash: md5
      md5: 35064bfd84b4c4be996e4f01fc4f3aea
      size: 8900
    - path: models/metrics_detection/eval_report.json
      hash: md5
      md5: 1cf01d149344552542f18c022febf266
      size: 7989
  export_onnx_detection:
    cmd: python pipeline/stages/export_onnx_detection.py
    deps:
    - path: models/checkpoints_detection/best.pt
      hash: md5
      md5: b0691a2b488c4283466d9be2a0821011
      size: 6557809
    - path: pipeline/configs/detection_export.generated.yaml
      hash: md5
      md5: 702a4a620ca8c8ab5170c38166c57d96
      size: 277
    - path: pipeline/stages/export_onnx_detection.py
      hash: md5
      md5: cecb598614ea627f76adf959b6a0cbcb
      size: 9167
    outs:
    - path: models/export_detection/export_result.json
      hash: md5
      md5: d0bdb04a56ce835bf2c42600ebb78729
      size: 2074
    - path: models/export_detection/model.onnx
      hash: md5
      md5: 81d021644fd5b7c5a36393a278efc33e
      size: 12650016
  convert_rknn_detection:
    cmd: python pipeline/stages/convert_rknn_detection.py
    deps:
    - path: data/processed_detection/images/val/
      hash: md5
      md5: 9c0c2eb395765feeda7d218a59ffb478.dir
      size: 5776060
      nfiles: 28
    - path: models/export_detection/model.onnx
      hash: md5
      md5: 81d021644fd5b7c5a36393a278efc33e
      size: 12650016
    - path: pipeline/configs/detection_rknn.generated.yaml
      hash: md5
      md5: 7a59972a51ceef886256a808c4ea3686
      size: 616
    - path: pipeline/stages/convert_rknn_detection.py
      hash: md5
      md5: cac5748dde4b43f7e63b5e5989c8509c
      size: 10990
    outs:
    - path: models/export_detection/model.rknn
      hash: md5
      md5: d59e4526864f56ed75fc8d16101860da
      size: 4326347
    - path: models/export_detection/rknn_report.json
      hash: md5
      md5: c67ee9fa91c21b5e4d134b5899710f95
      size: 1546
  register_model_detection:
    cmd: python pipeline/stages/register_model_detection.py
    deps:
    - path: models/export_detection/model.rknn
      hash: md5
      md5: 147be3831361e3757f928a0969489aaf
      size: 4842704
    - path: models/metrics_detection/eval_metrics.json
      hash: md5
      md5: 35064bfd84b4c4be996e4f01fc4f3aea
      size: 8900
    - path: models/metrics_detection/train_metrics.json
      hash: md5
      md5: 04181cc1281d69e44d9f34cc51c6be71
      size: 1155
    - path: pipeline/configs/detection_mlops.yaml
      hash: md5
      md5: ba1b36abdd570b9ae75e73883b44f871
      size: 886
    - path: pipeline/stages/register_model_detection.py
      hash: md5
      md5: 8ce1aefcaa6e3b1e6c364fa0ab0ec4d1
      size: 13456
    params:
      pipeline/configs/detection_mlops.yaml:
        paths.eval_metrics: models/metrics_detection/eval_metrics.json
        paths.mlflow_run_id: models/metrics_detection/mlflow_run_id.txt
        paths.onnx_model: models/export_detection/model.onnx
        paths.registry_result: models/metrics_detection/registry_result.json
        paths.rknn_model: models/export_detection/model.rknn
        paths.train_metrics: models/metrics_detection/train_metrics.json
        registry.model_name: visionops-detector-detection
        registry.promotion_threshold.latency_ms: 50
        registry.promotion_threshold.map50: 0.7
        registry.promotion_threshold.map50_95: 0.25
        registry.tags.auto_registered: 'true'
        registry.tags.model_family: yolov8
        registry.tags.platform: rk3588
        registry.tags.quantized: int8
        registry.tags.task: detection
        registry.task: detection
    outs:
    - path: models/metrics_detection/registry_result.json
      hash: md5
      md5: 6e0ce3b9a2175f1785d177f8c3481153
      size: 754
  render_task_config:
    cmd: python pipeline/utils/render_task_config.py
    deps:
    - path: data/raw_detection/data.yaml
      hash: md5
      md5: db9162b7eaba2845548c98a2af949e3e
      size: 1015
    - path: pipeline/configs/task.yaml
      hash: md5
      md5: 92f1c27cf9ea976358200b7d1dc9bc77
      size: 2788
    - path: pipeline/utils/render_task_config.py
      hash: md5
      md5: d584c7da564efb4c2a534d25f82ef2dd
      size: 7057
    outs:
    - path: edge/runtime/class_names.yaml
      hash: md5
      md5: c17f4dba6d6690c3743809e50ebd952d
      size: 826
    - path: edge/runtime/edge.env
      hash: md5
      md5: 705b5153f21e8657b7f256c68a2d3176
      size: 239
    - path: pipeline/configs/detection_data.generated.yaml
      hash: md5
      md5: 2adae4caac2133a1f0adf51d5a3798f3
      size: 1190
    - path: pipeline/configs/detection_export.generated.yaml
      hash: md5
      md5: 702a4a620ca8c8ab5170c38166c57d96
      size: 277
    - path: pipeline/configs/detection_rknn.generated.yaml
      hash: md5
      md5: 7a59972a51ceef886256a808c4ea3686
      size: 616
    - path: pipeline/configs/detection_train.generated.yaml
      hash: md5
      md5: 7f3f72aa0bc5bf0db2768a4540c50903
      size: 582
